github.com/goccy/go-json v0.10.2 h1:CrxCmQqYDkv1z7lO7Wbh2HN93uovUHgrECaO5ZrCXAU=
github.com/goccy/go-json v0.10.2/go.mod h1:6MelG93GURQebXPDq3khkgXZkazVtN9CRI+MGFi0w8I=
github.com/kpango/fastime v1.1.9 h1:xVQHcqyPt5M69DyFH7g1EPRns1YQNap9d5eLhl/Jy84=
github.com/kpango/fastime v1.1.9/go.mod h1:vyD7FnUn08zxY4b/QFBZVG+9EWMYsNl+QF0uE46urD4=
github.com/kpango/glg v1.6.15 h1:nw0xSxpSyrDIWHeb3dvnE08PW+SCbK+aYFETT75IeLA=
github.com/kpango/glg v1.6.15/go.mod h1:cmsc7Yeu8AS3wHLmN7bhwENXOpxfq+QoqxCIk2FneRk=
github.com/sirupsen/logrus v1.9.0 h1:trlNQbNUG3OdDrDil03MCb1H2o9nJ1x4/5LYw7byDE0=
go.uber.org/atomic v1.7.0 h1:ADUqmZGgLDDfbSL9ZmPxKTybcoEYHgpYfELNoN+7hsw=
go.uber.org/multierr v1.6.0 h1:y6IPFStTAIT5Ytl7/XYmHvzXQ7S3g/IeZW9hyZ5thw4=
go.uber.org/zap v1.24.0 h1:FiJd5l1UOLj0wCgbSE0rwwXHzEdAZS6hiiSnxJN/D60=
golang.org/x/sys v0.0.0-20220715151400-c0bba94af5f8 h1:0A+M6Uqn+Eje4kHMK80dtF3JCXC4ykBgQG4Fe06QRhQ=
